
Microsoft Visual Studio Solution File, Format Version 12.00
# Visual Studio Version 16
VisualStudioVersion = 16.0.30104.148
MinimumVisualStudioVersion = 10.0.40219.1
Project("{FAE04EC0-301F-11D3-BF4B-00C04F79EFBC}") = "practice App2", "practice App2\practice App2.csproj", "{2F5A1D76-FFA2-4FDB-8C2C-A8CB91EC91C9}"
EndProject
Global
	GlobalSection(SolutionConfigurationPlatforms) = preSolution
		Debug|Any CPU = Debug|Any CPU
		Release|Any CPU = Release|Any CPU
	EndGlobalSection
	GlobalSection(ProjectConfigurationPlatforms) = postSolution
		{2F5A1D76-FFA2-4FDB-8C2C-A8CB91EC91C9}.Debug|Any CPU.ActiveCfg = Debug|Any CPU
		{2F5A1D76-FFA2-4FDB-8C2C-A8CB91EC91C9}.Debug|Any CPU.Build.0 = Debug|Any CPU
		{2F5A1D76-FFA2-4FDB-8C2C-A8CB91EC91C9}.Release|Any CPU.ActiveCfg = Release|Any CPU
		{2F5A1D76-FFA2-4FDB-8C2C-A8CB91EC91C9}.Release|Any CPU.Build.0 = Release|Any CPU
	EndGlobalSection
	GlobalSection(SolutionProperties) = preSolution
		HideSolutionNode = FALSE
	EndGlobalSection
	GlobalSection(ExtensibilityGlobals) = postSolution
		SolutionGuid = {AEFC17FD-E3C5-40D4-B8B2-CA44F0F5AE76}
	EndGlobalSection
EndGlobal
